{
    "name": "@brendangooch/simple-game-engine",
    "version": "2.1.0",
    "lockfileVersion": 3,
    "requires": true,
    "packages": {
        "": {
            "name": "@brendangooch/simple-game-engine",
            "version": "2.1.0",
            "license": "MIT",
            "dependencies": {
                "@brendangooch/canvas": "^5.0.0",
                "@brendangooch/simple-game-loop": "^4.0.0",
                "@brendangooch/simple-renderer": "^2.1.3"
            },
            "devDependencies": {
                "typescript": "^5.6.3"
            }
        },
        "node_modules/@brendangooch/canvas": {
            "version": "5.0.0",
            "resolved": "https://registry.npmjs.org/@brendangooch/canvas/-/canvas-5.0.0.tgz",
            "integrity": "sha512-fSTQBX17i5EyDL2tHe/Thn9u0OWZL6xhTwKEfczxFVHtbYvOP++R7h1f4utkHyxfkT3vAFgVYlfW7k7QlgF1GA==",
            "license": "MIT",
            "dependencies": {
                "@brendangooch/image-sprite": "^5.0.0",
                "@brendangooch/maths": "^3.0.0"
            }
        },
        "node_modules/@brendangooch/image-sprite": {
            "version": "5.0.0",
            "resolved": "https://registry.npmjs.org/@brendangooch/image-sprite/-/image-sprite-5.0.0.tgz",
            "integrity": "sha512-JzPaHJawdo581uX2wPO6Jkef8kYe3U5Yz8dYZUfNZupzU32MI/HYsnKfBk3+Whrc+++aj64OBxK245wxTZXH7g==",
            "license": "MIT"
        },
        "node_modules/@brendangooch/maths": {
            "version": "3.0.0",
            "resolved": "https://registry.npmjs.org/@brendangooch/maths/-/maths-3.0.0.tgz",
            "integrity": "sha512-F0zd9eQ46OEhodaEdCqOflNbZob/Pll0kQB/X/bTqOAYpRiywF/1swp2GPk3YPzP1z6zcGGVc7/ES+yXp2c/VQ==",
            "license": "MIT"
        },
        "node_modules/@brendangooch/simple-game-loop": {
            "version": "4.0.0",
            "resolved": "https://registry.npmjs.org/@brendangooch/simple-game-loop/-/simple-game-loop-4.0.0.tgz",
            "integrity": "sha512-03B3Nv8btvii9NKMqMqBoIXhKmxanXhRkseTDcA9+bHUcUj9kZKPhzkoK/W1ZTjOWBfNZJLdLE6ODHngDeSKjA==",
            "license": "MIT"
        },
        "node_modules/@brendangooch/simple-renderer": {
            "version": "2.1.3",
            "resolved": "https://registry.npmjs.org/@brendangooch/simple-renderer/-/simple-renderer-2.1.3.tgz",
            "integrity": "sha512-qYRvPfX/8zVuy8QVLehKF/m71Jhg6KRLkFZAedH2ptqYaoj27VPrYlLFKxnyXw3SGeahhYB7C5JXc5vRjw6xUg==",
            "license": "MIT",
            "dependencies": {
                "@brendangooch/canvas": "^5.0.0"
            }
        },
        "node_modules/typescript": {
            "version": "5.6.3",
            "resolved": "https://registry.npmjs.org/typescript/-/typescript-5.6.3.tgz",
            "integrity": "sha512-hjcS1mhfuyi4WW8IWtjP7brDrG2cuDZukyrYrSauoXGNgx0S7zceP07adYkJycEr56BOUTNPzbInooiN3fn1qw==",
            "dev": true,
            "license": "Apache-2.0",
            "bin": {
                "tsc": "bin/tsc",
                "tsserver": "bin/tsserver"
            },
            "engines": {
                "node": ">=14.17"
            }
        }
    }
}
